
Microsoft Visual Studio Solution File, Format Version 12.00
# Visual Studio Version 17
VisualStudioVersion = 17.14.36518.9
MinimumVisualStudioVersion = 10.0.40219.1
Project("{FAE04EC0-301F-11D3-BF4B-00C04F79EFBC}") = "NetCoreAI.Project1_ApiDemo", "NetCoreAI.Project1_ApiDemo\NetCoreAI.Project1_ApiDemo.csproj", "{B4CC0802-FD26-4833-8EC3-A42188C9E21B}"
EndProject
Project("{FAE04EC0-301F-11D3-BF4B-00C04F79EFBC}") = "NetCoreAI.Project2_ApiComsumeUI", "NetCoreAI.Project2_ApiComsumeUI\NetCoreAI.Project2_ApiComsumeUI.csproj", "{59916E4E-05B8-4A2F-8574-A81D6D0F8E30}"
EndProject
Global
	GlobalSection(SolutionConfigurationPlatforms) = preSolution
		Debug|Any CPU = Debug|Any CPU
		Release|Any CPU = Release|Any CPU
	EndGlobalSection
	GlobalSection(ProjectConfigurationPlatforms) = postSolution
		{B4CC0802-FD26-4833-8EC3-A42188C9E21B}.Debug|Any CPU.ActiveCfg = Debug|Any CPU
		{B4CC0802-FD26-4833-8EC3-A42188C9E21B}.Debug|Any CPU.Build.0 = Debug|Any CPU
		{B4CC0802-FD26-4833-8EC3-A42188C9E21B}.Release|Any CPU.ActiveCfg = Release|Any CPU
		{B4CC0802-FD26-4833-8EC3-A42188C9E21B}.Release|Any CPU.Build.0 = Release|Any CPU
		{59916E4E-05B8-4A2F-8574-A81D6D0F8E30}.Debug|Any CPU.ActiveCfg = Debug|Any CPU
		{59916E4E-05B8-4A2F-8574-A81D6D0F8E30}.Debug|Any CPU.Build.0 = Debug|Any CPU
		{59916E4E-05B8-4A2F-8574-A81D6D0F8E30}.Release|Any CPU.ActiveCfg = Release|Any CPU
		{59916E4E-05B8-4A2F-8574-A81D6D0F8E30}.Release|Any CPU.Build.0 = Release|Any CPU
	EndGlobalSection
	GlobalSection(SolutionProperties) = preSolution
		HideSolutionNode = FALSE
	EndGlobalSection
	GlobalSection(ExtensibilityGlobals) = postSolution
		SolutionGuid = {51B1541E-8F1D-4912-A99A-D1B027B8C072}
	EndGlobalSection
EndGlobal
